
Microsoft Visual Studio Solution File, Format Version 12.00
# Visual Studio 15
VisualStudioVersion = 15.0.28306.52
MinimumVisualStudioVersion = 10.0.40219.1
Project("{F2A71F9B-5D33-465A-A702-920D77279786}") = "WebApplication2", "WebApplication2\WebApplication2.fsproj", "{E63B2818-5FB3-4530-8654-EB67CAEBC7E4}"
EndProject
Global
	GlobalSection(SolutionConfigurationPlatforms) = preSolution
		Debug|Any CPU = Debug|Any CPU
		Release|Any CPU = Release|Any CPU
	EndGlobalSection
	GlobalSection(ProjectConfigurationPlatforms) = postSolution
		{E63B2818-5FB3-4530-8654-EB67CAEBC7E4}.Debug|Any CPU.ActiveCfg = Debug|Any CPU
		{E63B2818-5FB3-4530-8654-EB67CAEBC7E4}.Debug|Any CPU.Build.0 = Debug|Any CPU
		{E63B2818-5FB3-4530-8654-EB67CAEBC7E4}.Release|Any CPU.ActiveCfg = Release|Any CPU
		{E63B2818-5FB3-4530-8654-EB67CAEBC7E4}.Release|Any CPU.Build.0 = Release|Any CPU
	EndGlobalSection
	GlobalSection(SolutionProperties) = preSolution
		HideSolutionNode = FALSE
	EndGlobalSection
	GlobalSection(ExtensibilityGlobals) = postSolution
		SolutionGuid = {994E20F9-7810-4FDA-B2B0-8733F6102897}
	EndGlobalSection
EndGlobal
